
Microsoft Visual Studio Solution File, Format Version 12.00
# Visual Studio Version 16
VisualStudioVersion = 16.0.29911.84
MinimumVisualStudioVersion = 10.0.40219.1
Project("{FAE04EC0-301F-11D3-BF4B-00C04F79EFBC}") = "TennisKata.Tests", "TennisKata.Tests\TennisKata.Tests.csproj", "{2E3E78F8-68AE-4DBC-A1BC-858CAA5AE537}"
EndProject
Project("{FAE04EC0-301F-11D3-BF4B-00C04F79EFBC}") = "TennisKata", "TennisKata\TennisKata.csproj", "{F9B1014F-4BAA-4CB8-8D36-0BB503CAF0DE}"
EndProject
Global
	GlobalSection(SolutionConfigurationPlatforms) = preSolution
		Debug|Any CPU = Debug|Any CPU
		Release|Any CPU = Release|Any CPU
	EndGlobalSection
	GlobalSection(ProjectConfigurationPlatforms) = postSolution
		{2E3E78F8-68AE-4DBC-A1BC-858CAA5AE537}.Debug|Any CPU.ActiveCfg = Debug|Any CPU
		{2E3E78F8-68AE-4DBC-A1BC-858CAA5AE537}.Debug|Any CPU.Build.0 = Debug|Any CPU
		{2E3E78F8-68AE-4DBC-A1BC-858CAA5AE537}.Release|Any CPU.ActiveCfg = Release|Any CPU
		{2E3E78F8-68AE-4DBC-A1BC-858CAA5AE537}.Release|Any CPU.Build.0 = Release|Any CPU
		{F9B1014F-4BAA-4CB8-8D36-0BB503CAF0DE}.Debug|Any CPU.ActiveCfg = Debug|Any CPU
		{F9B1014F-4BAA-4CB8-8D36-0BB503CAF0DE}.Debug|Any CPU.Build.0 = Debug|Any CPU
		{F9B1014F-4BAA-4CB8-8D36-0BB503CAF0DE}.Release|Any CPU.ActiveCfg = Release|Any CPU
		{F9B1014F-4BAA-4CB8-8D36-0BB503CAF0DE}.Release|Any CPU.Build.0 = Release|Any CPU
	EndGlobalSection
	GlobalSection(SolutionProperties) = preSolution
		HideSolutionNode = FALSE
	EndGlobalSection
	GlobalSection(ExtensibilityGlobals) = postSolution
		SolutionGuid = {C87744D3-F8AD-4249-83BB-690615B50B17}
	EndGlobalSection
EndGlobal
